name: Update Flake Lock

on:
  workflow_dispatch:
  schedule:
    - cron: '0 5 * * *' # Daily at 5am

jobs:
  update-flake-lock:
    runs-on: ubuntu-latest
    permissions:
      contents: write
      pull-requests: write
    steps:
      - uses: actions/checkout@v4
      - uses: DeterminateSystems/determinate-nix-action@v3
      - name: Update flake.lock
        id: update
        uses: DeterminateSystems/update-flake-lock@main
        with:
          pr-title: "chore: update flake.lock"
          pr-labels: |
            dependencies
            automated
      - name: Enable Automerge
        if: steps.update.outputs.pull-request-operation == 'created'
        run: gh pr merge --merge --auto "${{ steps.update.outputs.pull-request-number }}"
        env:
          GH_TOKEN: ${{ secrets.GITHUB_TOKEN }}
